
Microsoft Visual Studio Solution File, Format Version 12.00
# Visual Studio Version 17
VisualStudioVersion = 17.3.32825.248
MinimumVisualStudioVersion = 10.0.40219.1
Project("{9A19103F-16F7-4668-BE54-9A1E7A4F7556}") = "Respitory", "Respitory\Respitory.csproj", "{1844B0A6-9329-4DD7-A8DA-5321C25F9260}"
EndProject
Project("{FAE04EC0-301F-11D3-BF4B-00C04F79EFBC}") = "Example", "Example\Example.csproj", "{D1EBC8D4-99E6-4BD0-951E-CDFB00FC9008}"
EndProject
Global
	GlobalSection(SolutionConfigurationPlatforms) = preSolution
		Debug|Any CPU = Debug|Any CPU
		Release|Any CPU = Release|Any CPU
	EndGlobalSection
	GlobalSection(ProjectConfigurationPlatforms) = postSolution
		{1844B0A6-9329-4DD7-A8DA-5321C25F9260}.Debug|Any CPU.ActiveCfg = Debug|Any CPU
		{1844B0A6-9329-4DD7-A8DA-5321C25F9260}.Debug|Any CPU.Build.0 = Debug|Any CPU
		{1844B0A6-9329-4DD7-A8DA-5321C25F9260}.Release|Any CPU.ActiveCfg = Release|Any CPU
		{1844B0A6-9329-4DD7-A8DA-5321C25F9260}.Release|Any CPU.Build.0 = Release|Any CPU
		{D1EBC8D4-99E6-4BD0-951E-CDFB00FC9008}.Debug|Any CPU.ActiveCfg = Debug|Any CPU
		{D1EBC8D4-99E6-4BD0-951E-CDFB00FC9008}.Debug|Any CPU.Build.0 = Debug|Any CPU
		{D1EBC8D4-99E6-4BD0-951E-CDFB00FC9008}.Release|Any CPU.ActiveCfg = Release|Any CPU
		{D1EBC8D4-99E6-4BD0-951E-CDFB00FC9008}.Release|Any CPU.Build.0 = Release|Any CPU
	EndGlobalSection
	GlobalSection(SolutionProperties) = preSolution
		HideSolutionNode = FALSE
	EndGlobalSection
	GlobalSection(ExtensibilityGlobals) = postSolution
		SolutionGuid = {4C28A972-7B82-4099-82BF-5269975E314D}
	EndGlobalSection
EndGlobal
